
Microsoft Visual Studio Solution File, Format Version 12.00
# Visual Studio Version 17
VisualStudioVersion = 17.8.34322.80
MinimumVisualStudioVersion = 10.0.40219.1
Project("{8BC9CEB8-8B4A-11D0-8D11-00A0C91BC942}") = "apollo", "apollo.vcxproj", "{C25E5C61-BE40-415F-BFFD-5F65B02BA018}"
EndProject
Global
	GlobalSection(SolutionConfigurationPlatforms) = preSolution
		Debug|x64 = Debug|x64
		Debug|x86 = Debug|x86
		Release|x64 = Release|x64
		Release|x86 = Release|x86
	EndGlobalSection
	GlobalSection(ProjectConfigurationPlatforms) = postSolution
		{C25E5C61-BE40-415F-BFFD-5F65B02BA018}.Debug|x64.ActiveCfg = Debug|x64
		{C25E5C61-BE40-415F-BFFD-5F65B02BA018}.Debug|x64.Build.0 = Debug|x64
		{C25E5C61-BE40-415F-BFFD-5F65B02BA018}.Debug|x86.ActiveCfg = Debug|Win32
		{C25E5C61-BE40-415F-BFFD-5F65B02BA018}.Debug|x86.Build.0 = Debug|Win32
		{C25E5C61-BE40-415F-BFFD-5F65B02BA018}.Release|x64.ActiveCfg = Release|x64
		{C25E5C61-BE40-415F-BFFD-5F65B02BA018}.Release|x64.Build.0 = Release|x64
		{C25E5C61-BE40-415F-BFFD-5F65B02BA018}.Release|x86.ActiveCfg = Release|Win32
		{C25E5C61-BE40-415F-BFFD-5F65B02BA018}.Release|x86.Build.0 = Release|Win32
	EndGlobalSection
	GlobalSection(SolutionProperties) = preSolution
		HideSolutionNode = FALSE
	EndGlobalSection
	GlobalSection(ExtensibilityGlobals) = postSolution
		SolutionGuid = {916AB497-4222-4DDE-BA8E-D2D166EE4316}
	EndGlobalSection
EndGlobal
