
Microsoft Visual Studio Solution File, Format Version 12.00
# Visual Studio Version 17
VisualStudioVersion = 17.7.34031.279
MinimumVisualStudioVersion = 10.0.40219.1
Project("{8BC9CEB8-8B4A-11D0-8D11-00A0C91BC942}") = "apollo", "apollo.vcxproj", "{3CA0761E-2E27-4685-9A7B-9401DF3A7E89}"
EndProject
Project("{8BC9CEB8-8B4A-11D0-8D11-00A0C91BC942}") = "DirectXTK12", "DirectXTK12\DirectXTK_Desktop_2022_Win10.vcxproj", "{3E0E8608-CD9B-4C76-AF33-29CA38F2C9F0}"
EndProject
Project("{8BC9CEB8-8B4A-11D0-8D11-00A0C91BC942}") = "imgui", "imgui\imgui_vs2022.vcxproj", "{45087328-C272-4BB6-BB09-95D899D2276A}"
EndProject
Global
	GlobalSection(SolutionConfigurationPlatforms) = preSolution
		Debug|ARM64 = Debug|ARM64
		Debug|x64 = Debug|x64
		Debug|x86 = Debug|x86
		Release|ARM64 = Release|ARM64
		Release|x64 = Release|x64
		Release|x86 = Release|x86
	EndGlobalSection
	GlobalSection(ProjectConfigurationPlatforms) = postSolution
		{3CA0761E-2E27-4685-9A7B-9401DF3A7E89}.Debug|ARM64.ActiveCfg = Debug|x64
		{3CA0761E-2E27-4685-9A7B-9401DF3A7E89}.Debug|ARM64.Build.0 = Debug|x64
		{3CA0761E-2E27-4685-9A7B-9401DF3A7E89}.Debug|x64.ActiveCfg = Debug|x64
		{3CA0761E-2E27-4685-9A7B-9401DF3A7E89}.Debug|x64.Build.0 = Debug|x64
		{3CA0761E-2E27-4685-9A7B-9401DF3A7E89}.Debug|x86.ActiveCfg = Debug|Win32
		{3CA0761E-2E27-4685-9A7B-9401DF3A7E89}.Debug|x86.Build.0 = Debug|Win32
		{3CA0761E-2E27-4685-9A7B-9401DF3A7E89}.Release|ARM64.ActiveCfg = Release|x64
		{3CA0761E-2E27-4685-9A7B-9401DF3A7E89}.Release|ARM64.Build.0 = Release|x64
		{3CA0761E-2E27-4685-9A7B-9401DF3A7E89}.Release|x64.ActiveCfg = Release|x64
		{3CA0761E-2E27-4685-9A7B-9401DF3A7E89}.Release|x64.Build.0 = Release|x64
		{3CA0761E-2E27-4685-9A7B-9401DF3A7E89}.Release|x86.ActiveCfg = Release|Win32
		{3CA0761E-2E27-4685-9A7B-9401DF3A7E89}.Release|x86.Build.0 = Release|Win32
		{3E0E8608-CD9B-4C76-AF33-29CA38F2C9F0}.Debug|ARM64.ActiveCfg = Debug|ARM64
		{3E0E8608-CD9B-4C76-AF33-29CA38F2C9F0}.Debug|ARM64.Build.0 = Debug|ARM64
		{3E0E8608-CD9B-4C76-AF33-29CA38F2C9F0}.Debug|x64.ActiveCfg = Debug|x64
		{3E0E8608-CD9B-4C76-AF33-29CA38F2C9F0}.Debug|x64.Build.0 = Debug|x64
		{3E0E8608-CD9B-4C76-AF33-29CA38F2C9F0}.Debug|x86.ActiveCfg = Debug|Win32
		{3E0E8608-CD9B-4C76-AF33-29CA38F2C9F0}.Debug|x86.Build.0 = Debug|Win32
		{3E0E8608-CD9B-4C76-AF33-29CA38F2C9F0}.Release|ARM64.ActiveCfg = Release|ARM64
		{3E0E8608-CD9B-4C76-AF33-29CA38F2C9F0}.Release|ARM64.Build.0 = Release|ARM64
		{3E0E8608-CD9B-4C76-AF33-29CA38F2C9F0}.Release|x64.ActiveCfg = Release|x64
		{3E0E8608-CD9B-4C76-AF33-29CA38F2C9F0}.Release|x64.Build.0 = Release|x64
		{3E0E8608-CD9B-4C76-AF33-29CA38F2C9F0}.Release|x86.ActiveCfg = Release|Win32
		{3E0E8608-CD9B-4C76-AF33-29CA38F2C9F0}.Release|x86.Build.0 = Release|Win32
		{45087328-C272-4BB6-BB09-95D899D2276A}.Debug|ARM64.ActiveCfg = Debug|x64
		{45087328-C272-4BB6-BB09-95D899D2276A}.Debug|ARM64.Build.0 = Debug|x64
		{45087328-C272-4BB6-BB09-95D899D2276A}.Debug|x64.ActiveCfg = Debug|x64
		{45087328-C272-4BB6-BB09-95D899D2276A}.Debug|x64.Build.0 = Debug|x64
		{45087328-C272-4BB6-BB09-95D899D2276A}.Debug|x86.ActiveCfg = Debug|x64
		{45087328-C272-4BB6-BB09-95D899D2276A}.Debug|x86.Build.0 = Debug|x64
		{45087328-C272-4BB6-BB09-95D899D2276A}.Release|ARM64.ActiveCfg = Release|x64
		{45087328-C272-4BB6-BB09-95D899D2276A}.Release|ARM64.Build.0 = Release|x64
		{45087328-C272-4BB6-BB09-95D899D2276A}.Release|x64.ActiveCfg = Release|x64
		{45087328-C272-4BB6-BB09-95D899D2276A}.Release|x64.Build.0 = Release|x64
		{45087328-C272-4BB6-BB09-95D899D2276A}.Release|x86.ActiveCfg = Release|x64
		{45087328-C272-4BB6-BB09-95D899D2276A}.Release|x86.Build.0 = Release|x64
	EndGlobalSection
	GlobalSection(SolutionProperties) = preSolution
		HideSolutionNode = FALSE
	EndGlobalSection
	GlobalSection(ExtensibilityGlobals) = postSolution
		SolutionGuid = {7A4FCA9A-258D-4D6C-A539-1F84E7F37CCB}
	EndGlobalSection
EndGlobal
